{
  "name": "compassu",
  "version": "0.3.0",
  "lockfileVersion": 3,
  "requires": true,
  "packages": {
    "": {
      "name": "compassu",
      "version": "0.3.0",
      "dependencies": {
        "@supabase/supabase-js": "2.116.0",
        "jspdf": "4.2.1",
        "next": "15.5.24",
        "react": "19.1.0",
        "react-dom": "19.1.0",
        "xlsx": "https://cdn.sheetjs.com/xlsx-0.20.3/xlsx-0.20.3.tgz"
      }
    },
    "node_modules/@babel/runtime": {
      "version": "7.29.2",
      "resolved": "https://registry.npmjs.org/@babel/runtime/-/runtime-7.29.2.tgz",
      "integrity": "sha512-ZCbOtYMFN5FYj5WUSfR5f89S67zrheZ5M6Jq7VvQ4X0q7CkYqO7j2PvPrR47Ec3iQjX9LPG9V+VK5y5TQZL4Zg==",
      "license": "MIT",
      "engines": {"node": ">=6.9.0"}
    }
  },
  "overrides": {
    "postcss": "8.5.23"
  }
}
